
Microsoft Visual Studio Solution File, Format Version 12.00
# Visual Studio Version 17
VisualStudioVersion = 17.4.33403.182
MinimumVisualStudioVersion = 10.0.40219.1
Project("{FAE04EC0-301F-11D3-BF4B-00C04F79EFBC}") = "1.EntityFrameworkIntroduction", "1.EntityFrameworkIntroduction\1.EntityFrameworkIntroduction.csproj", "{F1336675-EF01-4E30-915B-5F3356ACEB0C}"
EndProject
Global
	GlobalSection(SolutionConfigurationPlatforms) = preSolution
		Debug|Any CPU = Debug|Any CPU
		Release|Any CPU = Release|Any CPU
	EndGlobalSection
	GlobalSection(ProjectConfigurationPlatforms) = postSolution
		{F1336675-EF01-4E30-915B-5F3356ACEB0C}.Debug|Any CPU.ActiveCfg = Debug|Any CPU
		{F1336675-EF01-4E30-915B-5F3356ACEB0C}.Debug|Any CPU.Build.0 = Debug|Any CPU
		{F1336675-EF01-4E30-915B-5F3356ACEB0C}.Release|Any CPU.ActiveCfg = Release|Any CPU
		{F1336675-EF01-4E30-915B-5F3356ACEB0C}.Release|Any CPU.Build.0 = Release|Any CPU
	EndGlobalSection
	GlobalSection(SolutionProperties) = preSolution
		HideSolutionNode = FALSE
	EndGlobalSection
	GlobalSection(ExtensibilityGlobals) = postSolution
		SolutionGuid = {739AAAD6-2FA3-47A3-955C-883CA9AB93FE}
	EndGlobalSection
EndGlobal
